
Microsoft Visual Studio Solution File, Format Version 11.00
# Visual Studio 2010
Project("{8BC9CEB8-8B4A-11D0-8D11-00A0C91BC942}") = "speedplay3", "speedplay3.vcxproj", "{E7D49485-57FE-4B3B-999A-F1555E13D801}"
EndProject
Global
	GlobalSection(SolutionConfigurationPlatforms) = preSolution
		Debug|Win32 = Debug|Win32
		Release|Win32 = Release|Win32
	EndGlobalSection
	GlobalSection(ProjectConfigurationPlatforms) = postSolution
		{E7D49485-57FE-4B3B-999A-F1555E13D801}.Debug|Win32.ActiveCfg = Debug|Win32
		{E7D49485-57FE-4B3B-999A-F1555E13D801}.Debug|Win32.Build.0 = Debug|Win32
		{E7D49485-57FE-4B3B-999A-F1555E13D801}.Release|Win32.ActiveCfg = Release|Win32
		{E7D49485-57FE-4B3B-999A-F1555E13D801}.Release|Win32.Build.0 = Release|Win32
	EndGlobalSection
	GlobalSection(SolutionProperties) = preSolution
		HideSolutionNode = FALSE
	EndGlobalSection
EndGlobal
